Microsoft Visual Studio Solution File, Format Version 12.00
# Visual Studio Version 17
VisualStudioVersion = 17.0.31912.275
MinimumVisualStudioVersion = 10.0.40219.1
Project("{FAE04EC0-301F-11D3-BF4B-00C04F79EFBC}") = "PlantMoistureMonitor.ConsoleApp", "PlantMoistureMonitor.ConsoleApp\PlantMoistureMonitor.ConsoleApp.csproj", "{D1A17E80-84D3-4C29-86AA-EEE43EBD7301}"
EndProject
Project("{FAE04EC0-301F-11D3-BF4B-00C04F79EFBC}") = "PlantMoistureMonitor.Core", "PlantMoistureMonitor.Core\PlantMoistureMonitor.Core.csproj", "{7DC97BB6-DFE5-4037-AF65-6840599027C5}"
EndProject
Project("{FAE04EC0-301F-11D3-BF4B-00C04F79EFBC}") = "PlantMoistureMonitor.Tests", "PlantMoistureMonitor.Tests\PlantMoistureMonitor.Tests.csproj", "{E23E3E19-020F-4892-845E-B1ED8E2301B0}"
EndProject
Global
    GlobalSection(SolutionConfigurationPlatforms) = preSolution
        Debug|Any CPU = Debug|Any CPU
        Release|Any CPU = Release|Any CPU
    EndGlobalSection
    GlobalSection(ProjectConfigurationPlatforms) = postSolution
        {D1A17E80-84D3-4C29-86AA-EEE43EBD7301}.Debug|Any CPU.ActiveCfg = Debug|Any CPU
        {D1A17E80-84D3-4C29-86AA-EEE43EBD7301}.Debug|Any CPU.Build.0 = Debug|Any CPU
        {D1A17E80-84D3-4C29-86AA-EEE43EBD7301}.Release|Any CPU.ActiveCfg = Release|Any CPU
        {D1A17E80-84D3-4C29-86AA-EEE43EBD7301}.Release|Any CPU.Build.0 = Release|Any CPU
        {7DC97BB6-DFE5-4037-AF65-6840599027C5}.Debug|Any CPU.ActiveCfg = Debug|Any CPU
        {7DC97BB6-DFE5-4037-AF65-6840599027C5}.Debug|Any CPU.Build.0 = Debug|Any CPU
        {7DC97BB6-DFE5-4037-AF65-6840599027C5}.Release|Any CPU.ActiveCfg = Release|Any CPU
        {7DC97BB6-DFE5-4037-AF65-6840599027C5}.Release|Any CPU.Build.0 = Release|Any CPU
        {E23E3E19-020F-4892-845E-B1ED8E2301B0}.Debug|Any CPU.ActiveCfg = Debug|Any CPU
        {E23E3E19-020F-4892-845E-B1ED8E2301B0}.Debug|Any CPU.Build.0 = Debug|Any CPU
        {E23E3E19-020F-4892-845E-B1ED8E2301B0}.Release|Any CPU.ActiveCfg = Release|Any CPU
        {E23E3E19-020F-4892-845E-B1ED8E2301B0}.Release|Any CPU.Build.0 = Release|Any CPU
    EndGlobalSection
EndGlobal
